<?xml version="1.0" encoding="utf-8"?>
<Project ToolsVersion="17.0" xmlns="http://schemas.microsoft.com/developer/msbuild/2003">
  <ItemGroup>
    <ClCompile Include="C:\Users\rfoster\Documents\Claude\Projects\Retro Game Clown Hunt\src\Camera.cpp">
      <Filter>Source Files</Filter>
    </ClCompile>
    <ClCompile Include="C:\Users\rfoster\Documents\Claude\Projects\Retro Game Clown Hunt\src\GLBLoader.cpp">
      <Filter>Source Files</Filter>
    </ClCompile>
    <ClCompile Include="C:\Users\rfoster\Documents\Claude\Projects\Retro Game Clown Hunt\src\Game.cpp">
      <Filter>Source Files</Filter>
    </ClCompile>
    <ClCompile Include="C:\Users\rfoster\Documents\Claude\Projects\Retro Game Clown Hunt\src\Leaderboard.cpp">
      <Filter>Source Files</Filter>
    </ClCompile>
    <ClCompile Include="C:\Users\rfoster\Documents\Claude\Projects\Retro Game Clown Hunt\src\LightGun.cpp">
      <Filter>Source Files</Filter>
    </ClCompile>
    <ClCompile Include="C:\Users\rfoster\Documents\Claude\Projects\Retro Game Clown Hunt\src\MeshLoader.cpp">
      <Filter>Source Files</Filter>
    </ClCompile>
    <ClCompile Include="C:\Users\rfoster\Documents\Claude\Projects\Retro Game Clown Hunt\src\main.cpp">
      <Filter>Source Files</Filter>
    </ClCompile>
    <ClCompile Include="C:\Users\rfoster\Documents\Claude\Projects\Retro Game Clown Hunt\src\scenes\EndGameScene.cpp">
      <Filter>Source Files</Filter>
    </ClCompile>
    <ClCompile Include="C:\Users\rfoster\Documents\Claude\Projects\Retro Game Clown Hunt\src\scenes\GameScene.cpp">
      <Filter>Source Files</Filter>
    </ClCompile>
    <ClCompile Include="C:\Users\rfoster\Documents\Claude\Projects\Retro Game Clown Hunt\src\scenes\LeaderboardScene.cpp">
      <Filter>Source Files</Filter>
    </ClCompile>
    <ClCompile Include="C:\Users\rfoster\Documents\Claude\Projects\Retro Game Clown Hunt\src\scenes\TitleScene.cpp">
      <Filter>Source Files</Filter>
    </ClCompile>
  </ItemGroup>
  <ItemGroup>
    <CustomBuild Include="C:\Users\rfoster\Documents\Claude\Projects\Retro Game Clown Hunt\CMakeLists.txt" />
  </ItemGroup>
  <ItemGroup>
    <Filter Include="Source Files">
      <UniqueIdentifier>{1A87D2DB-2E68-3A34-9ED7-C4AFF72BA4A6}</UniqueIdentifier>
    </Filter>
  </ItemGroup>
</Project>
