<?xml version="1.0" encoding="utf-8"?>
<Project ToolsVersion="17.0" xmlns="http://schemas.microsoft.com/developer/msbuild/2003">
  <ItemGroup>
    <CustomBuild Include="C:\Users\rfoster\Documents\Claude\Projects\Retro Game Clown Hunt\build-win\CMakeFiles\beb71413f8259027867b4b0e3c5dfbbf\generate.stamp.rule">
      <Filter>CMake Rules</Filter>
    </CustomBuild>
  </ItemGroup>
  <ItemGroup>
    <Filter Include="CMake Rules">
      <UniqueIdentifier>{761F50BD-22A9-3EAE-ABCC-885D2D3B235A}</UniqueIdentifier>
    </Filter>
  </ItemGroup>
</Project>
